
Microsoft Visual Studio Solution File, Format Version 12.00
# Visual Studio Version 17
VisualStudioVersion = 17.0.31903.59
MinimumVisualStudioVersion = 10.0.40219.1
Project("{FAE04EC0-301F-11D3-BF4B-00C04F79EFBC}") = "IteratorWithComposite", "IteratorWithComposite\IteratorWithComposite.csproj", "{FB6F1858-221B-46A7-BF3B-FD38D0B34710}"
EndProject
Project("{FAE04EC0-301F-11D3-BF4B-00C04F79EFBC}") = "CoR_with_Command_1", "CoR_with_Command_1\CoR_with_Command_1.csproj", "{04668C71-4F4D-4644-B0B7-724678E70CC0}"
EndProject
Global
	GlobalSection(SolutionConfigurationPlatforms) = preSolution
		Debug|Any CPU = Debug|Any CPU
		Release|Any CPU = Release|Any CPU
	EndGlobalSection
	GlobalSection(SolutionProperties) = preSolution
		HideSolutionNode = FALSE
	EndGlobalSection
	GlobalSection(ProjectConfigurationPlatforms) = postSolution
		{FB6F1858-221B-46A7-BF3B-FD38D0B34710}.Debug|Any CPU.ActiveCfg = Debug|Any CPU
		{FB6F1858-221B-46A7-BF3B-FD38D0B34710}.Debug|Any CPU.Build.0 = Debug|Any CPU
		{FB6F1858-221B-46A7-BF3B-FD38D0B34710}.Release|Any CPU.ActiveCfg = Release|Any CPU
		{FB6F1858-221B-46A7-BF3B-FD38D0B34710}.Release|Any CPU.Build.0 = Release|Any CPU
		{04668C71-4F4D-4644-B0B7-724678E70CC0}.Debug|Any CPU.ActiveCfg = Debug|Any CPU
		{04668C71-4F4D-4644-B0B7-724678E70CC0}.Debug|Any CPU.Build.0 = Debug|Any CPU
		{04668C71-4F4D-4644-B0B7-724678E70CC0}.Release|Any CPU.ActiveCfg = Release|Any CPU
		{04668C71-4F4D-4644-B0B7-724678E70CC0}.Release|Any CPU.Build.0 = Release|Any CPU
	EndGlobalSection
EndGlobal
