
Microsoft Visual Studio Solution File, Format Version 12.00
# Visual Studio Version 17
VisualStudioVersion = 17.5.002.0
MinimumVisualStudioVersion = 10.0.40219.1
Project("{9A19103F-16F7-4668-BE54-9A1E7A4F7556}") = "IteratorWithComposite", "IteratorWithComposite.csproj", "{4B60EB0F-5076-40CE-8BCA-D361F501265E}"
EndProject
Global
	GlobalSection(SolutionConfigurationPlatforms) = preSolution
		Debug|Any CPU = Debug|Any CPU
		Release|Any CPU = Release|Any CPU
	EndGlobalSection
	GlobalSection(ProjectConfigurationPlatforms) = postSolution
		{4B60EB0F-5076-40CE-8BCA-D361F501265E}.Debug|Any CPU.ActiveCfg = Debug|Any CPU
		{4B60EB0F-5076-40CE-8BCA-D361F501265E}.Debug|Any CPU.Build.0 = Debug|Any CPU
		{4B60EB0F-5076-40CE-8BCA-D361F501265E}.Release|Any CPU.ActiveCfg = Release|Any CPU
		{4B60EB0F-5076-40CE-8BCA-D361F501265E}.Release|Any CPU.Build.0 = Release|Any CPU
	EndGlobalSection
	GlobalSection(SolutionProperties) = preSolution
		HideSolutionNode = FALSE
	EndGlobalSection
	GlobalSection(ExtensibilityGlobals) = postSolution
		SolutionGuid = {B9952CC7-2B67-41C2-A664-2E079744C82B}
	EndGlobalSection
EndGlobal
