
Microsoft Visual Studio Solution File, Format Version 12.00
# Visual Studio Version 17
VisualStudioVersion = 17.5.002.0
MinimumVisualStudioVersion = 10.0.40219.1
Project("{9A19103F-16F7-4668-BE54-9A1E7A4F7556}") = "CoRWithCommand_2", "CoRWithCommand_2.csproj", "{BF48834B-816F-4736-9594-F51F6164B073}"
EndProject
Global
	GlobalSection(SolutionConfigurationPlatforms) = preSolution
		Debug|Any CPU = Debug|Any CPU
		Release|Any CPU = Release|Any CPU
	EndGlobalSection
	GlobalSection(ProjectConfigurationPlatforms) = postSolution
		{BF48834B-816F-4736-9594-F51F6164B073}.Debug|Any CPU.ActiveCfg = Debug|Any CPU
		{BF48834B-816F-4736-9594-F51F6164B073}.Debug|Any CPU.Build.0 = Debug|Any CPU
		{BF48834B-816F-4736-9594-F51F6164B073}.Release|Any CPU.ActiveCfg = Release|Any CPU
		{BF48834B-816F-4736-9594-F51F6164B073}.Release|Any CPU.Build.0 = Release|Any CPU
	EndGlobalSection
	GlobalSection(SolutionProperties) = preSolution
		HideSolutionNode = FALSE
	EndGlobalSection
	GlobalSection(ExtensibilityGlobals) = postSolution
		SolutionGuid = {9385635A-E8C4-47B6-84C4-A86D5CD90946}
	EndGlobalSection
EndGlobal
